
Microsoft Visual Studio Solution File, Format Version 12.00
# Visual Studio Version 17
VisualStudioVersion = 17.7.34031.279
MinimumVisualStudioVersion = 10.0.40219.1
Project("{FAE04EC0-301F-11D3-BF4B-00C04F79EFBC}") = "ConsoleApp3", "ConsoleApp3\ConsoleApp3.csproj", "{00261265-F621-401C-AD81-D001DB77F358}"
EndProject
Global
	GlobalSection(SolutionConfigurationPlatforms) = preSolution
		Debug|Any CPU = Debug|Any CPU
		Release|Any CPU = Release|Any CPU
	EndGlobalSection
	GlobalSection(ProjectConfigurationPlatforms) = postSolution
		{00261265-F621-401C-AD81-D001DB77F358}.Debug|Any CPU.ActiveCfg = Debug|Any CPU
		{00261265-F621-401C-AD81-D001DB77F358}.Debug|Any CPU.Build.0 = Debug|Any CPU
		{00261265-F621-401C-AD81-D001DB77F358}.Release|Any CPU.ActiveCfg = Release|Any CPU
		{00261265-F621-401C-AD81-D001DB77F358}.Release|Any CPU.Build.0 = Release|Any CPU
	EndGlobalSection
	GlobalSection(SolutionProperties) = preSolution
		HideSolutionNode = FALSE
	EndGlobalSection
	GlobalSection(ExtensibilityGlobals) = postSolution
		SolutionGuid = {47EBDD89-14FF-4D15-8F6F-24819AEC4544}
	EndGlobalSection
EndGlobal
